// !$*UTF8*$!
{
	archiveVersion = 1;
	classes = {
	};
	objectVersion = 50;
	objects = {

/* Begin PBXBuildFile section */
		A4B6281E233A987F00C0F173 /* AppDelegate.swift in Sources */ = {isa = PBXBuildFile; fileRef = A4B6281D233A987F00C0F173 /* AppDelegate.swift */; };
		A4B62820233A987F00C0F173 /* ViewController.swift in Sources */ = {isa = PBXBuildFile; fileRef = A4B6281F233A987F00C0F173 /* ViewController.swift */; };
		A4B62823233A987F00C0F173 /* Main.storyboard in Resources */ = {isa = PBXBuildFile; fileRef = A4B62821233A987F00C0F173 /* Main.storyboard */; };
		A4B62826233A987F00C0F173 /* TheCoreDataTest.xcdatamodeld in Sources */ = {isa = PBXBuildFile; fileRef = A4B62824233A987F00C0F173 /* TheCoreDataTest.xcdatamodeld */; };
		A4B62828233A988000C0F173 /* Assets.xcassets in Resources */ = {isa = PBXBuildFile; fileRef = A4B62827233A988000C0F173 /* Assets.xcassets */; };
		A4B6282B233A988000C0F173 /* LaunchScreen.storyboard in Resources */ = {isa = PBXBuildFile; fileRef = A4B62829233A988000C0F173 /* LaunchScreen.storyboard */; };
/* End PBXBuildFile section */

/* Begin PBXFileReference section */
		A4B6281A233A987F00C0F173 /* TheCoreDataTest.app */ = {isa = PBXFileReference; explicitFileType = wrapper.application; includeInIndex = 0; path = TheCoreDataTest.app; sourceTree = BUILT_PRODUCTS_DIR; };
		A4B6281D233A987F00C0F173 /* AppDelegate.swift */ = {isa = PBXFileReference; lastKnownFileType = sourcecode.swift; path = AppDelegate.swift; sourceTree = "<group>"; };
		A4B6281F233A987F00C0F173 /* ViewController.swift */ = {isa = PBXFileReference; lastKnownFileType = sourcecode.swift; path = ViewController.swift; sourceTree = "<group>"; };
		A4B62822233A987F00C0F173 /* Base */ = {isa = PBXFileReference; lastKnownFileType = file.storyboard; name = Base; path = Base.lproj/Main.storyboard; sourceTree = "<group>"; };
		A4B62825233A987F00C0F173 /* TheCoreDataTest.xcdatamodel */ = {isa = PBXFileReference; lastKnownFileType = wrapper.xcdatamodel; path = TheCoreDataTest.xcdatamodel; sourceTree = "<group>"; };
		A4B62827233A988000C0F173 /* Assets.xcassets */ = {isa = PBXFileReference; lastKnownFileType = folder.assetcatalog; path = Assets.xcassets; sourceTree = "<group>"; };
		A4B6282A233A988000C0F173 /* Base */ = {isa = PBXFileReference; lastKnownFileType = file.storyboard; name = Base; path = Base.lproj/LaunchScreen.storyboard; sourceTree = "<group>"; };
		A4B6282C233A988000C0F173 /* Info.plist */ = {isa = PBXFileReference; lastKnownFileType = text.plist.xml; path = Info.plist; sourceTree = "<group>"; };
/* End PBXFileReference section */

/* Begin PBXFrameworksBuildPhase section */
		A4B62817233A987F00C0F173 /* Frameworks */ = {
			isa = PBXFrameworksBuildPhase;
			buildActionMask = 2147483647;
			files = (
			);
			runOnlyForDeploymentPostprocessing = 0;
		};
/* End PBXFrameworksBuildPhase section */

/* Begin PBXGroup section */
		A4B62811233A987F00C0F173 = {
			isa = PBXGroup;
			children = (
				A4B6281C233A987F00C0F173 /* TheCoreDataTest */,
				A4B6281B233A987F00C0F173 /* Products */,
			);
			sourceTree = "<group>";
		};
		A4B6281B233A987F00C0F173 /* Products */ = {
			isa = PBXGroup;
			children = (
				A4B6281A233A987F00C0F173 /* TheCoreDataTest.app */,
			);
			name = Products;
			sourceTree = "<group>";
		};
		A4B6281C233A987F00C0F173 /* TheCoreDataTest */ = {
			isa = PBXGroup;
			children = (
				A4B6281D233A987F00C0F173 /* AppDelegate.swift */,
				A4B6281F233A987F00C0F173 /* ViewController.swift */,
				A4B62821233A987F00C0F173 /* Main.storyboard */,
				A4B62827233A988000C0F173 /* Assets.xcassets */,
				A4B62829233A988000C0F173 /* LaunchScreen.storyboard */,
				A4B6282C233A988000C0F173 /* Info.plist */,
				A4B62824233A987F00C0F173 /* TheCoreDataTest.xcdatamodeld */,
			);
			path = TheCoreDataTest;
			sourceTree = "<group>";
		};
/* End PBXGroup section */

/* Begin PBXNativeTarget section */
		A4B62819233A987F00C0F173 /* TheCoreDataTest */ = {
			isa = PBXNativeTarget;
			buildConfigurationList = A4B6282F233A988000C0F173 /* Build configuration list for PBXNativeTarget "TheCoreDataTest" */;
			buildPhases = (
				A4B62816233A987F00C0F173 /* Sources */,
				A4B62817233A987F00C0F173 /* Frameworks */,
				A4B62818233A987F00C0F173 /* Resources */,
			);
			buildRules = (
			);
			dependencies = (
			);
			name = TheCoreDataTest;
			productName = TheCoreDataTest;
			productReference = A4B6281A233A987F00C0F173 /* TheCoreDataTest.app */;
			productType = "com.apple.product-type.application";
		};
/* End PBXNativeTarget section */

/* Begin PBXProject section */
		A4B62812233A987F00C0F173 /* Project object */ = {
			isa = PBXProject;
			attributes = {
				LastSwiftUpdateCheck = 1020;
				LastUpgradeCheck = 1020;
				ORGANIZATIONNAME = "Sean Devine";
				TargetAttributes = {
					A4B62819233A987F00C0F173 = {
						CreatedOnToolsVersion = 10.2.1;
					};
				};
			};
			buildConfigurationList = A4B62815233A987F00C0F173 /* Build configuration list for PBXProject "TheCoreDataTest" */;
			compatibilityVersion = "Xcode 9.3";
			developmentRegion = en;
			hasScannedForEncodings = 0;
			knownRegions = (
				en,
				Base,
			);
			mainGroup = A4B62811233A987F00C0F173;
			productRefGroup = A4B6281B233A987F00C0F173 /* Products */;
			projectDirPath = "";
			projectRoot = "";
			targets = (
				A4B62819233A987F00C0F173 /* TheCoreDataTest */,
			);
		};
/* End PBXProject section */

/* Begin PBXResourcesBuildPhase section */
		A4B62818233A987F00C0F173 /* Resources */ = {
			isa = PBXResourcesBuildPhase;
			buildActionMask = 2147483647;
			files = (
				A4B6282B233A988000C0F173 /* LaunchScreen.storyboard in Resources */,
				A4B62828233A988000C0F173 /* Assets.xcassets in Resources */,
				A4B62823233A987F00C0F173 /* Main.storyboard in Resources */,
			);
			runOnlyForDeploymentPostprocessing = 0;
		};
/* End PBXResourcesBuildPhase section */

/* Begin PBXSourcesBuildPhase section */
		A4B62816233A987F00C0F173 /* Sources */ = {
			isa = PBXSourcesBuildPhase;
			buildActionMask = 2147483647;
			files = (
				A4B62820233A987F00C0F173 /* ViewController.swift in Sources */,
				A4B62826233A987F00C0F173 /* TheCoreDataTest.xcdatamodeld in Sources */,
				A4B6281E233A987F00C0F173 /* AppDelegate.swift in Sources */,
			);
			runOnlyForDeploymentPostprocessing = 0;
		};
/* End PBXSourcesBuildPhase section */

/* Begin PBXVariantGroup section */
		A4B62821233A987F00C0F173 /* Main.storyboard */ = {
			isa = PBXVariantGroup;
			children = (
				A4B62822233A987F00C0F173 /* Base */,
			);
			name = Main.storyboard;
			sourceTree = "<group>";
		};
		A4B62829233A988000C0F173 /* LaunchScreen.storyboard */ = {
			isa = PBXVariantGroup;
			children = (
				A4B6282A233A988000C0F173 /* Base */,
			);
			name = LaunchScreen.storyboard;
			sourceTree = "<group>";
		};
/* End PBXVariantGroup section */

/* Begin XCBuildConfiguration section */
		A4B6282D233A988000C0F173 /* Debug */ = {
			isa = XCBuildConfiguration;
			buildSettings = {
				ALWAYS_SEARCH_USER_PATHS = NO;
				CLANG_ANALYZER_NONNULL = YES;
				CLANG_ANALYZER_NUMBER_OBJECT_CONVERSION = YES_AGGRESSIVE;
				CLANG_CXX_LANGUAGE_STANDARD = "gnu++14";
				CLANG_CXX_LIBRARY = "libc++";
				CLANG_ENABLE_MODULES = YES;
				CLANG_ENABLE_OBJC_ARC = YES;
				CLANG_ENABLE_OBJC_WEAK = YES;
				CLANG_WARN_BLOCK_CAPTURE_AUTORELEASING = YES;
				CLANG_WARN_BOOL_CONVERSION = YES;
				CLANG_WARN_COMMA = YES;
				CLANG_WARN_CONSTANT_CONVERSION = YES;
				CLANG_WARN_DEPRECATED_OBJC_IMPLEMENTATIONS = YES;
				CLANG_WARN_DIRECT_OBJC_ISA_USAGE = YES_ERROR;
				CLANG_WARN_DOCUMENTATION_COMMENTS = YES;
				CLANG_WARN_EMPTY_BODY = YES;
				CLANG_WARN_ENUM_CONVERSION = YES;
				CLANG_WARN_INFINITE_RECURSION = YES;
				CLANG_WARN_INT_CONVERSION = YES;
				CLANG_WARN_NON_LITERAL_NULL_CONVERSION = YES;
				CLANG_WARN_OBJC_IMPLICIT_RETAIN_SELF = YES;
				CLANG_WARN_OBJC_LITERAL_CONVERSION = YES;
				CLANG_WARN_OBJC_ROOT_CLASS = YES_ERROR;
				CLANG_WARN_RANGE_LOOP_ANALYSIS = YES;
				CLANG_WARN_STRICT_PROTOTYPES = YES;
				CLANG_WARN_SUSPICIOUS_MOVE = YES;
				CLANG_WARN_UNGUARDED_AVAILABILITY = YES_AGGRESSIVE;
				CLANG_WARN_UNREACHABLE_CODE = YES;
				CLANG_WARN__DUPLICATE_METHOD_MATCH = YES;
				CODE_SIGN_IDENTITY = "iPhone Developer";
				COPY_PHASE_STRIP = NO;
				DEBUG_INFORMATION_FORMAT = dwarf;
				ENABLE_STRICT_OBJC_MSGSEND = YES;
				ENABLE_TESTABILITY = YES;
				GCC_C_LANGUAGE_STANDARD = gnu11;
				GCC_DYNAMIC_NO_PIC = NO;
				GCC_NO_COMMON_BLOCKS = YES;
				GCC_OPTIMIZATION_LEVEL = 0;
				GCC_PREPROCESSOR_DEFINITIONS = (
					"DEBUG=1",
					"$(inherited)",
				);
				GCC_WARN_64_TO_32_BIT_CONVERSION = YES;
				GCC_WARN_ABOUT_RETURN_TYPE = YES_ERROR;
				GCC_WARN_UNDECLARED_SELECTOR = YES;
				GCC_WARN_UNINITIALIZED_AUTOS = YES_AGGRESSIVE;
				GCC_WARN_UNUSED_FUNCTION = YES;
				GCC_WARN_UNUSED_VARIABLE = YES;
				IPHONEOS_DEPLOYMENT_TARGET = 12.2;
				MTL_ENABLE_DEBUG_INFO = INCLUDE_SOURCE;
				MTL_FAST_MATH = YES;
				ONLY_ACTIVE_ARCH = YES;
				SDKROOT = iphoneos;
				SWIFT_ACTIVE_COMPILATION_CONDITIONS = DEBUG;
				SWIFT_OPTIMIZATION_LEVEL = "-Onone";
			};
			name = Debug;
		};
		A4B6282E233A988000C0F173 /* Release */ = {
			isa = XCBuildConfiguration;
			buildSettings = {
				ALWAYS_SEARCH_USER_PATHS = NO;
				CLANG_ANALYZER_NONNULL = YES;
				CLANG_ANALYZER_NUMBER_OBJECT_CONVERSION = YES_AGGRESSIVE;
				CLANG_CXX_LANGUAGE_STANDARD = "gnu++14";
				CLANG_CXX_LIBRARY = "libc++";
				CLANG_ENABLE_MODULES = YES;
				CLANG_ENABLE_OBJC_ARC = YES;
				CLANG_ENABLE_OBJC_WEAK = YES;
				CLANG_WARN_BLOCK_CAPTURE_AUTORELEASING = YES;
				CLANG_WARN_BOOL_CONVERSION = YES;
				CLANG_WARN_COMMA = YES;
				CLANG_WARN_CONSTANT_CONVERSION = YES;
				CLANG_WARN_DEPRECATED_OBJC_IMPLEMENTATIONS = YES;
				CLANG_WARN_DIRECT_OBJC_ISA_USAGE = YES_ERROR;
				CLANG_WARN_DOCUMENTATION_COMMENTS = YES;
				CLANG_WARN_EMPTY_BODY = YES;
				CLANG_WARN_ENUM_CONVERSION = YES;
				CLANG_WARN_INFINITE_RECURSION = YES;
				CLANG_WARN_INT_CONVERSION = YES;
				CLANG_WARN_NON_LITERAL_NULL_CONVERSION = YES;
				CLANG_WARN_OBJC_IMPLICIT_RETAIN_SELF = YES;
				CLANG_WARN_OBJC_LITERAL_CONVERSION = YES;
				CLANG_WARN_OBJC_ROOT_CLASS = YES_ERROR;
				CLANG_WARN_RANGE_LOOP_ANALYSIS = YES;
				CLANG_WARN_STRICT_PROTOTYPES = YES;
				CLANG_WARN_SUSPICIOUS_MOVE = YES;
				CLANG_WARN_UNGUARDED_AVAILABILITY = YES_AGGRESSIVE;
				CLANG_WARN_UNREACHABLE_CODE = YES;
				CLANG_WARN__DUPLICATE_METHOD_MATCH = YES;
				CODE_SIGN_IDENTITY = "iPhone Developer";
				COPY_PHASE_STRIP = NO;
				DEBUG_INFORMATION_FORMAT = "dwarf-with-dsym";
				ENABLE_NS_ASSERTIONS = NO;
				ENABLE_STRICT_OBJC_MSGSEND = YES;
				GCC_C_LANGUAGE_STANDARD = gnu11;
				GCC_NO_COMMON_BLOCKS = YES;
				GCC_WARN_64_TO_32_BIT_CONVERSION = YES;
				GCC_WARN_ABOUT_RETURN_TYPE = YES_ERROR;
				GCC_WARN_UNDECLARED_SELECTOR = YES;
				GCC_WARN_UNINITIALIZED_AUTOS = YES_AGGRESSIVE;
				GCC_WARN_UNUSED_FUNCTION = YES;
				GCC_WARN_UNUSED_VARIABLE = YES;
				IPHONEOS_DEPLOYMENT_TARGET = 12.2;
				MTL_ENABLE_DEBUG_INFO = NO;
				MTL_FAST_MATH = YES;
				SDKROOT = iphoneos;
				SWIFT_COMPILATION_MODE = wholemodule;
				SWIFT_OPTIMIZATION_LEVEL = "-O";
				VALIDATE_PRODUCT = YES;
			};
			name = Release;
		};
		A4B62830233A988000C0F173 /* Debug */ = {
			isa = XCBuildConfiguration;
			buildSettings = {
				ASSETCATALOG_COMPILER_APPICON_NAME = AppIcon;
				CODE_SIGN_STYLE = Automatic;
				DEVELOPMENT_TEAM = SS549TFW9W;
				INFOPLIST_FILE = TheCoreDataTest/Info.plist;
				LD_RUNPATH_SEARCH_PATHS = (
					"$(inherited)",
					"@executable_path/Frameworks",
				);
				PRODUCT_BUNDLE_IDENTIFIER = com.sd.TheCoreDataTest;
				PRODUCT_NAME = "$(TARGET_NAME)";
				SWIFT_VERSION = 5.0;
				TARGETED_DEVICE_FAMILY = "1,2";
			};
			name = Debug;
		};
		A4B62831233A988000C0F173 /* Release */ = {
			isa = XCBuildConfiguration;
			buildSettings = {
				ASSETCATALOG_COMPILER_APPICON_NAME = AppIcon;
				CODE_SIGN_STYLE = Automatic;
				DEVELOPMENT_TEAM = SS549TFW9W;
				INFOPLIST_FILE = TheCoreDataTest/Info.plist;
				LD_RUNPATH_SEARCH_PATHS = (
					"$(inherited)",
					"@executable_path/Frameworks",
				);
				PRODUCT_BUNDLE_IDENTIFIER = com.sd.TheCoreDataTest;
				PRODUCT_NAME = "$(TARGET_NAME)";
				SWIFT_VERSION = 5.0;
				TARGETED_DEVICE_FAMILY = "1,2";
			};
			name = Release;
		};
/* End XCBuildConfiguration section */

/* Begin XCConfigurationList section */
		A4B62815233A987F00C0F173 /* Build configuration list for PBXProject "TheCoreDataTest" */ = {
			isa = XCConfigurationList;
			buildConfigurations = (
				A4B6282D233A988000C0F173 /* Debug */,
				A4B6282E233A988000C0F173 /* Release */,
			);
			defaultConfigurationIsVisible = 0;
			defaultConfigurationName = Release;
		};
		A4B6282F233A988000C0F173 /* Build configuration list for PBXNativeTarget "TheCoreDataTest" */ = {
			isa = XCConfigurationList;
			buildConfigurations = (
				A4B62830233A988000C0F173 /* Debug */,
				A4B62831233A988000C0F173 /* Release */,
			);
			defaultConfigurationIsVisible = 0;
			defaultConfigurationName = Release;
		};
/* End XCConfigurationList section */

/* Begin XCVersionGroup section */
		A4B62824233A987F00C0F173 /* TheCoreDataTest.xcdatamodeld */ = {
			isa = XCVersionGroup;
			children = (
				A4B62825233A987F00C0F173 /* TheCoreDataTest.xcdatamodel */,
			);
			currentVersion = A4B62825233A987F00C0F173 /* TheCoreDataTest.xcdatamodel */;
			path = TheCoreDataTest.xcdatamodeld;
			sourceTree = "<group>";
			versionGroupType = wrapper.xcdatamodel;
		};
/* End XCVersionGroup section */
	};
	rootObject = A4B62812233A987F00C0F173 /* Project object */;
}
