PODS:
  - Macaw (0.9.5):
    - SWXMLHash
  - SVProgressHUD (2.2.5)
  - SWXMLHash (5.0.1)

DEPENDENCIES:
  - Macaw (= 0.9.5)
  - SVProgressHUD

SPEC REPOS:
  trunk:
    - Macaw
    - SVProgressHUD
    - SWXMLHash

SPEC CHECKSUMS:
  Macaw: 10bf9e327cb75f24e3225d5229a80ed544df85f0
  SVProgressHUD: 1428aafac632c1f86f62aa4243ec12008d7a51d6
  SWXMLHash: 9cc0c2e4807926c74377724aa8722ee5707a0485

PODFILE CHECKSUM: 61675c249d6b9f4fe147bc8608d2ba48eb88580c

COCOAPODS: 1.8.3
