// !$*UTF8*$!
{
	archiveVersion = 1;
	classes = {
	};
	objectVersion = 50;
	objects = {

/* Begin PBXBuildFile section */
		A4123BE622FE1FE90024FAC2 /* Video.swift in Sources */ = {isa = PBXBuildFile; fileRef = A4123BE522FE1FE90024FAC2 /* Video.swift */; };
		A41DBA5223172FCA00C77E49 /* SettingCell.swift in Sources */ = {isa = PBXBuildFile; fileRef = A41DBA5123172FCA00C77E49 /* SettingCell.swift */; };
		A45F5E4B23168AE900202015 /* SettingsLauncher.swift in Sources */ = {isa = PBXBuildFile; fileRef = A45F5E4A23168AE900202015 /* SettingsLauncher.swift */; };
		A480BE7A22FB66BC008E6980 /* MenuBar.swift in Sources */ = {isa = PBXBuildFile; fileRef = A480BE7922FB66BC008E6980 /* MenuBar.swift */; };
		A49DF0B9231DB9F9000082E6 /* ApiService.swift in Sources */ = {isa = PBXBuildFile; fileRef = A49DF0B8231DB9F9000082E6 /* ApiService.swift */; };
		A4A92F7F22FA28980018B454 /* Extensions.swift in Sources */ = {isa = PBXBuildFile; fileRef = A4A92F7E22FA28980018B454 /* Extensions.swift */; };
		A4A92F8222FA28DA0018B454 /* VideoCell.swift in Sources */ = {isa = PBXBuildFile; fileRef = A4A92F8122FA28DA0018B454 /* VideoCell.swift */; };
		A4CE55BB231FA728005C4812 /* FeedCell.swift in Sources */ = {isa = PBXBuildFile; fileRef = A4CE55BA231FA728005C4812 /* FeedCell.swift */; };
		A4CE55BD23203B34005C4812 /* TrendingCell.swift in Sources */ = {isa = PBXBuildFile; fileRef = A4CE55BC23203B34005C4812 /* TrendingCell.swift */; };
		A4CE55BF2320451B005C4812 /* SubscriptionCell.swift in Sources */ = {isa = PBXBuildFile; fileRef = A4CE55BE2320451B005C4812 /* SubscriptionCell.swift */; };
		A4F65B7F22F772BD002E0128 /* AppDelegate.swift in Sources */ = {isa = PBXBuildFile; fileRef = A4F65B7E22F772BD002E0128 /* AppDelegate.swift */; };
		A4F65B8122F772BD002E0128 /* HomeController.swift in Sources */ = {isa = PBXBuildFile; fileRef = A4F65B8022F772BD002E0128 /* HomeController.swift */; };
		A4F65B8422F772BD002E0128 /* Main.storyboard in Resources */ = {isa = PBXBuildFile; fileRef = A4F65B8222F772BD002E0128 /* Main.storyboard */; };
		A4F65B8622F772BE002E0128 /* Assets.xcassets in Resources */ = {isa = PBXBuildFile; fileRef = A4F65B8522F772BE002E0128 /* Assets.xcassets */; };
		A4F65B8922F772BE002E0128 /* LaunchScreen.storyboard in Resources */ = {isa = PBXBuildFile; fileRef = A4F65B8722F772BE002E0128 /* LaunchScreen.storyboard */; };
		A4F65B9422F772BE002E0128 /* youtubeTests.swift in Sources */ = {isa = PBXBuildFile; fileRef = A4F65B9322F772BE002E0128 /* youtubeTests.swift */; };
		A4F65B9F22F772BE002E0128 /* youtubeUITests.swift in Sources */ = {isa = PBXBuildFile; fileRef = A4F65B9E22F772BE002E0128 /* youtubeUITests.swift */; };
/* End PBXBuildFile section */

/* Begin PBXContainerItemProxy section */
		A4F65B9022F772BE002E0128 /* PBXContainerItemProxy */ = {
			isa = PBXContainerItemProxy;
			containerPortal = A4F65B7322F772BD002E0128 /* Project object */;
			proxyType = 1;
			remoteGlobalIDString = A4F65B7A22F772BD002E0128;
			remoteInfo = youtube;
		};
		A4F65B9B22F772BE002E0128 /* PBXContainerItemProxy */ = {
			isa = PBXContainerItemProxy;
			containerPortal = A4F65B7322F772BD002E0128 /* Project object */;
			proxyType = 1;
			remoteGlobalIDString = A4F65B7A22F772BD002E0128;
			remoteInfo = youtube;
		};
/* End PBXContainerItemProxy section */

/* Begin PBXFileReference section */
		A4123BE522FE1FE90024FAC2 /* Video.swift */ = {isa = PBXFileReference; lastKnownFileType = sourcecode.swift; path = Video.swift; sourceTree = "<group>"; };
		A41DBA5123172FCA00C77E49 /* SettingCell.swift */ = {isa = PBXFileReference; lastKnownFileType = sourcecode.swift; path = SettingCell.swift; sourceTree = "<group>"; };
		A45F5E4A23168AE900202015 /* SettingsLauncher.swift */ = {isa = PBXFileReference; lastKnownFileType = sourcecode.swift; path = SettingsLauncher.swift; sourceTree = "<group>"; };
		A480BE7922FB66BC008E6980 /* MenuBar.swift */ = {isa = PBXFileReference; lastKnownFileType = sourcecode.swift; path = MenuBar.swift; sourceTree = "<group>"; };
		A49DF0B8231DB9F9000082E6 /* ApiService.swift */ = {isa = PBXFileReference; lastKnownFileType = sourcecode.swift; path = ApiService.swift; sourceTree = "<group>"; };
		A4A92F7E22FA28980018B454 /* Extensions.swift */ = {isa = PBXFileReference; lastKnownFileType = sourcecode.swift; path = Extensions.swift; sourceTree = "<group>"; };
		A4A92F8122FA28DA0018B454 /* VideoCell.swift */ = {isa = PBXFileReference; lastKnownFileType = sourcecode.swift; path = VideoCell.swift; sourceTree = "<group>"; };
		A4CE55BA231FA728005C4812 /* FeedCell.swift */ = {isa = PBXFileReference; lastKnownFileType = sourcecode.swift; path = FeedCell.swift; sourceTree = "<group>"; };
		A4CE55BC23203B34005C4812 /* TrendingCell.swift */ = {isa = PBXFileReference; lastKnownFileType = sourcecode.swift; path = TrendingCell.swift; sourceTree = "<group>"; };
		A4CE55BE2320451B005C4812 /* SubscriptionCell.swift */ = {isa = PBXFileReference; lastKnownFileType = sourcecode.swift; path = SubscriptionCell.swift; sourceTree = "<group>"; };
		A4F65B7B22F772BD002E0128 /* youtube.app */ = {isa = PBXFileReference; explicitFileType = wrapper.application; includeInIndex = 0; path = youtube.app; sourceTree = BUILT_PRODUCTS_DIR; };
		A4F65B7E22F772BD002E0128 /* AppDelegate.swift */ = {isa = PBXFileReference; lastKnownFileType = sourcecode.swift; path = AppDelegate.swift; sourceTree = "<group>"; };
		A4F65B8022F772BD002E0128 /* HomeController.swift */ = {isa = PBXFileReference; lastKnownFileType = sourcecode.swift; path = HomeController.swift; sourceTree = "<group>"; };
		A4F65B8322F772BD002E0128 /* Base */ = {isa = PBXFileReference; lastKnownFileType = file.storyboard; name = Base; path = Base.lproj/Main.storyboard; sourceTree = "<group>"; };
		A4F65B8522F772BE002E0128 /* Assets.xcassets */ = {isa = PBXFileReference; lastKnownFileType = folder.assetcatalog; path = Assets.xcassets; sourceTree = "<group>"; };
		A4F65B8822F772BE002E0128 /* Base */ = {isa = PBXFileReference; lastKnownFileType = file.storyboard; name = Base; path = Base.lproj/LaunchScreen.storyboard; sourceTree = "<group>"; };
		A4F65B8A22F772BE002E0128 /* Info.plist */ = {isa = PBXFileReference; lastKnownFileType = text.plist.xml; path = Info.plist; sourceTree = "<group>"; };
		A4F65B8F22F772BE002E0128 /* youtubeTests.xctest */ = {isa = PBXFileReference; explicitFileType = wrapper.cfbundle; includeInIndex = 0; path = youtubeTests.xctest; sourceTree = BUILT_PRODUCTS_DIR; };
		A4F65B9322F772BE002E0128 /* youtubeTests.swift */ = {isa = PBXFileReference; lastKnownFileType = sourcecode.swift; path = youtubeTests.swift; sourceTree = "<group>"; };
		A4F65B9522F772BE002E0128 /* Info.plist */ = {isa = PBXFileReference; lastKnownFileType = text.plist.xml; path = Info.plist; sourceTree = "<group>"; };
		A4F65B9A22F772BE002E0128 /* youtubeUITests.xctest */ = {isa = PBXFileReference; explicitFileType = wrapper.cfbundle; includeInIndex = 0; path = youtubeUITests.xctest; sourceTree = BUILT_PRODUCTS_DIR; };
		A4F65B9E22F772BE002E0128 /* youtubeUITests.swift */ = {isa = PBXFileReference; lastKnownFileType = sourcecode.swift; path = youtubeUITests.swift; sourceTree = "<group>"; };
		A4F65BA022F772BE002E0128 /* Info.plist */ = {isa = PBXFileReference; lastKnownFileType = text.plist.xml; path = Info.plist; sourceTree = "<group>"; };
/* End PBXFileReference section */

/* Begin PBXFrameworksBuildPhase section */
		A4F65B7822F772BD002E0128 /* Frameworks */ = {
			isa = PBXFrameworksBuildPhase;
			buildActionMask = 2147483647;
			files = (
			);
			runOnlyForDeploymentPostprocessing = 0;
		};
		A4F65B8C22F772BE002E0128 /* Frameworks */ = {
			isa = PBXFrameworksBuildPhase;
			buildActionMask = 2147483647;
			files = (
			);
			runOnlyForDeploymentPostprocessing = 0;
		};
		A4F65B9722F772BE002E0128 /* Frameworks */ = {
			isa = PBXFrameworksBuildPhase;
			buildActionMask = 2147483647;
			files = (
			);
			runOnlyForDeploymentPostprocessing = 0;
		};
/* End PBXFrameworksBuildPhase section */

/* Begin PBXGroup section */
		A4123BE422FE1FD30024FAC2 /* Model */ = {
			isa = PBXGroup;
			children = (
				A4123BE522FE1FE90024FAC2 /* Video.swift */,
			);
			path = Model;
			sourceTree = "<group>";
		};
		A49DF0B7231DB9CF000082E6 /* ApiService */ = {
			isa = PBXGroup;
			children = (
				A49DF0B8231DB9F9000082E6 /* ApiService.swift */,
			);
			path = ApiService;
			sourceTree = "<group>";
		};
		A4A92F7D22FA28800018B454 /* Helpers */ = {
			isa = PBXGroup;
			children = (
				A4A92F7E22FA28980018B454 /* Extensions.swift */,
			);
			path = Helpers;
			sourceTree = "<group>";
		};
		A4A92F8022FA28BC0018B454 /* View */ = {
			isa = PBXGroup;
			children = (
				A4A92F8122FA28DA0018B454 /* VideoCell.swift */,
				A480BE7922FB66BC008E6980 /* MenuBar.swift */,
				A41DBA5123172FCA00C77E49 /* SettingCell.swift */,
				A4CE55BA231FA728005C4812 /* FeedCell.swift */,
				A4CE55BC23203B34005C4812 /* TrendingCell.swift */,
				A4CE55BE2320451B005C4812 /* SubscriptionCell.swift */,
			);
			path = View;
			sourceTree = "<group>";
		};
		A4A92F8322FA29420018B454 /* Controller */ = {
			isa = PBXGroup;
			children = (
				A4F65B8022F772BD002E0128 /* HomeController.swift */,
				A45F5E4A23168AE900202015 /* SettingsLauncher.swift */,
			);
			path = Controller;
			sourceTree = "<group>";
		};
		A4F65B7222F772BD002E0128 = {
			isa = PBXGroup;
			children = (
				A4F65B7D22F772BD002E0128 /* youtube */,
				A4F65B9222F772BE002E0128 /* youtubeTests */,
				A4F65B9D22F772BE002E0128 /* youtubeUITests */,
				A4F65B7C22F772BD002E0128 /* Products */,
			);
			sourceTree = "<group>";
		};
		A4F65B7C22F772BD002E0128 /* Products */ = {
			isa = PBXGroup;
			children = (
				A4F65B7B22F772BD002E0128 /* youtube.app */,
				A4F65B8F22F772BE002E0128 /* youtubeTests.xctest */,
				A4F65B9A22F772BE002E0128 /* youtubeUITests.xctest */,
			);
			name = Products;
			sourceTree = "<group>";
		};
		A4F65B7D22F772BD002E0128 /* youtube */ = {
			isa = PBXGroup;
			children = (
				A49DF0B7231DB9CF000082E6 /* ApiService */,
				A4123BE422FE1FD30024FAC2 /* Model */,
				A4A92F8022FA28BC0018B454 /* View */,
				A4A92F7D22FA28800018B454 /* Helpers */,
				A4F65B7E22F772BD002E0128 /* AppDelegate.swift */,
				A4A92F8322FA29420018B454 /* Controller */,
				A4F65B8222F772BD002E0128 /* Main.storyboard */,
				A4F65B8522F772BE002E0128 /* Assets.xcassets */,
				A4F65B8722F772BE002E0128 /* LaunchScreen.storyboard */,
				A4F65B8A22F772BE002E0128 /* Info.plist */,
			);
			path = youtube;
			sourceTree = "<group>";
		};
		A4F65B9222F772BE002E0128 /* youtubeTests */ = {
			isa = PBXGroup;
			children = (
				A4F65B9322F772BE002E0128 /* youtubeTests.swift */,
				A4F65B9522F772BE002E0128 /* Info.plist */,
			);
			path = youtubeTests;
			sourceTree = "<group>";
		};
		A4F65B9D22F772BE002E0128 /* youtubeUITests */ = {
			isa = PBXGroup;
			children = (
				A4F65B9E22F772BE002E0128 /* youtubeUITests.swift */,
				A4F65BA022F772BE002E0128 /* Info.plist */,
			);
			path = youtubeUITests;
			sourceTree = "<group>";
		};
/* End PBXGroup section */

/* Begin PBXNativeTarget section */
		A4F65B7A22F772BD002E0128 /* youtube */ = {
			isa = PBXNativeTarget;
			buildConfigurationList = A4F65BA322F772BE002E0128 /* Build configuration list for PBXNativeTarget "youtube" */;
			buildPhases = (
				A4F65B7722F772BD002E0128 /* Sources */,
				A4F65B7822F772BD002E0128 /* Frameworks */,
				A4F65B7922F772BD002E0128 /* Resources */,
			);
			buildRules = (
			);
			dependencies = (
			);
			name = youtube;
			productName = youtube;
			productReference = A4F65B7B22F772BD002E0128 /* youtube.app */;
			productType = "com.apple.product-type.application";
		};
		A4F65B8E22F772BE002E0128 /* youtubeTests */ = {
			isa = PBXNativeTarget;
			buildConfigurationList = A4F65BA622F772BE002E0128 /* Build configuration list for PBXNativeTarget "youtubeTests" */;
			buildPhases = (
				A4F65B8B22F772BE002E0128 /* Sources */,
				A4F65B8C22F772BE002E0128 /* Frameworks */,
				A4F65B8D22F772BE002E0128 /* Resources */,
			);
			buildRules = (
			);
			dependencies = (
				A4F65B9122F772BE002E0128 /* PBXTargetDependency */,
			);
			name = youtubeTests;
			productName = youtubeTests;
			productReference = A4F65B8F22F772BE002E0128 /* youtubeTests.xctest */;
			productType = "com.apple.product-type.bundle.unit-test";
		};
		A4F65B9922F772BE002E0128 /* youtubeUITests */ = {
			isa = PBXNativeTarget;
			buildConfigurationList = A4F65BA922F772BE002E0128 /* Build configuration list for PBXNativeTarget "youtubeUITests" */;
			buildPhases = (
				A4F65B9622F772BE002E0128 /* Sources */,
				A4F65B9722F772BE002E0128 /* Frameworks */,
				A4F65B9822F772BE002E0128 /* Resources */,
			);
			buildRules = (
			);
			dependencies = (
				A4F65B9C22F772BE002E0128 /* PBXTargetDependency */,
			);
			name = youtubeUITests;
			productName = youtubeUITests;
			productReference = A4F65B9A22F772BE002E0128 /* youtubeUITests.xctest */;
			productType = "com.apple.product-type.bundle.ui-testing";
		};
/* End PBXNativeTarget section */

/* Begin PBXProject section */
		A4F65B7322F772BD002E0128 /* Project object */ = {
			isa = PBXProject;
			attributes = {
				LastSwiftUpdateCheck = 1020;
				LastUpgradeCheck = 1020;
				ORGANIZATIONNAME = "Sean Devine";
				TargetAttributes = {
					A4F65B7A22F772BD002E0128 = {
						CreatedOnToolsVersion = 10.2.1;
					};
					A4F65B8E22F772BE002E0128 = {
						CreatedOnToolsVersion = 10.2.1;
						TestTargetID = A4F65B7A22F772BD002E0128;
					};
					A4F65B9922F772BE002E0128 = {
						CreatedOnToolsVersion = 10.2.1;
						TestTargetID = A4F65B7A22F772BD002E0128;
					};
				};
			};
			buildConfigurationList = A4F65B7622F772BD002E0128 /* Build configuration list for PBXProject "youtube" */;
			compatibilityVersion = "Xcode 9.3";
			developmentRegion = en;
			hasScannedForEncodings = 0;
			knownRegions = (
				en,
				Base,
			);
			mainGroup = A4F65B7222F772BD002E0128;
			productRefGroup = A4F65B7C22F772BD002E0128 /* Products */;
			projectDirPath = "";
			projectRoot = "";
			targets = (
				A4F65B7A22F772BD002E0128 /* youtube */,
				A4F65B8E22F772BE002E0128 /* youtubeTests */,
				A4F65B9922F772BE002E0128 /* youtubeUITests */,
			);
		};
/* End PBXProject section */

/* Begin PBXResourcesBuildPhase section */
		A4F65B7922F772BD002E0128 /* Resources */ = {
			isa = PBXResourcesBuildPhase;
			buildActionMask = 2147483647;
			files = (
				A4F65B8922F772BE002E0128 /* LaunchScreen.storyboard in Resources */,
				A4F65B8622F772BE002E0128 /* Assets.xcassets in Resources */,
				A4F65B8422F772BD002E0128 /* Main.storyboard in Resources */,
			);
			runOnlyForDeploymentPostprocessing = 0;
		};
		A4F65B8D22F772BE002E0128 /* Resources */ = {
			isa = PBXResourcesBuildPhase;
			buildActionMask = 2147483647;
			files = (
			);
			runOnlyForDeploymentPostprocessing = 0;
		};
		A4F65B9822F772BE002E0128 /* Resources */ = {
			isa = PBXResourcesBuildPhase;
			buildActionMask = 2147483647;
			files = (
			);
			runOnlyForDeploymentPostprocessing = 0;
		};
/* End PBXResourcesBuildPhase section */

/* Begin PBXSourcesBuildPhase section */
		A4F65B7722F772BD002E0128 /* Sources */ = {
			isa = PBXSourcesBuildPhase;
			buildActionMask = 2147483647;
			files = (
				A4F65B8122F772BD002E0128 /* HomeController.swift in Sources */,
				A4CE55BB231FA728005C4812 /* FeedCell.swift in Sources */,
				A4CE55BD23203B34005C4812 /* TrendingCell.swift in Sources */,
				A4123BE622FE1FE90024FAC2 /* Video.swift in Sources */,
				A41DBA5223172FCA00C77E49 /* SettingCell.swift in Sources */,
				A4A92F8222FA28DA0018B454 /* VideoCell.swift in Sources */,
				A45F5E4B23168AE900202015 /* SettingsLauncher.swift in Sources */,
				A49DF0B9231DB9F9000082E6 /* ApiService.swift in Sources */,
				A4A92F7F22FA28980018B454 /* Extensions.swift in Sources */,
				A4F65B7F22F772BD002E0128 /* AppDelegate.swift in Sources */,
				A4CE55BF2320451B005C4812 /* SubscriptionCell.swift in Sources */,
				A480BE7A22FB66BC008E6980 /* MenuBar.swift in Sources */,
			);
			runOnlyForDeploymentPostprocessing = 0;
		};
		A4F65B8B22F772BE002E0128 /* Sources */ = {
			isa = PBXSourcesBuildPhase;
			buildActionMask = 2147483647;
			files = (
				A4F65B9422F772BE002E0128 /* youtubeTests.swift in Sources */,
			);
			runOnlyForDeploymentPostprocessing = 0;
		};
		A4F65B9622F772BE002E0128 /* Sources */ = {
			isa = PBXSourcesBuildPhase;
			buildActionMask = 2147483647;
			files = (
				A4F65B9F22F772BE002E0128 /* youtubeUITests.swift in Sources */,
			);
			runOnlyForDeploymentPostprocessing = 0;
		};
/* End PBXSourcesBuildPhase section */

/* Begin PBXTargetDependency section */
		A4F65B9122F772BE002E0128 /* PBXTargetDependency */ = {
			isa = PBXTargetDependency;
			target = A4F65B7A22F772BD002E0128 /* youtube */;
			targetProxy = A4F65B9022F772BE002E0128 /* PBXContainerItemProxy */;
		};
		A4F65B9C22F772BE002E0128 /* PBXTargetDependency */ = {
			isa = PBXTargetDependency;
			target = A4F65B7A22F772BD002E0128 /* youtube */;
			targetProxy = A4F65B9B22F772BE002E0128 /* PBXContainerItemProxy */;
		};
/* End PBXTargetDependency section */

/* Begin PBXVariantGroup section */
		A4F65B8222F772BD002E0128 /* Main.storyboard */ = {
			isa = PBXVariantGroup;
			children = (
				A4F65B8322F772BD002E0128 /* Base */,
			);
			name = Main.storyboard;
			sourceTree = "<group>";
		};
		A4F65B8722F772BE002E0128 /* LaunchScreen.storyboard */ = {
			isa = PBXVariantGroup;
			children = (
				A4F65B8822F772BE002E0128 /* Base */,
			);
			name = LaunchScreen.storyboard;
			sourceTree = "<group>";
		};
/* End PBXVariantGroup section */

/* Begin XCBuildConfiguration section */
		A4F65BA122F772BE002E0128 /* Debug */ = {
			isa = XCBuildConfiguration;
			buildSettings = {
				ALWAYS_SEARCH_USER_PATHS = NO;
				CLANG_ANALYZER_NONNULL = YES;
				CLANG_ANALYZER_NUMBER_OBJECT_CONVERSION = YES_AGGRESSIVE;
				CLANG_CXX_LANGUAGE_STANDARD = "gnu++14";
				CLANG_CXX_LIBRARY = "libc++";
				CLANG_ENABLE_MODULES = YES;
				CLANG_ENABLE_OBJC_ARC = YES;
				CLANG_ENABLE_OBJC_WEAK = YES;
				CLANG_WARN_BLOCK_CAPTURE_AUTORELEASING = YES;
				CLANG_WARN_BOOL_CONVERSION = YES;
				CLANG_WARN_COMMA = YES;
				CLANG_WARN_CONSTANT_CONVERSION = YES;
				CLANG_WARN_DEPRECATED_OBJC_IMPLEMENTATIONS = YES;
				CLANG_WARN_DIRECT_OBJC_ISA_USAGE = YES_ERROR;
				CLANG_WARN_DOCUMENTATION_COMMENTS = YES;
				CLANG_WARN_EMPTY_BODY = YES;
				CLANG_WARN_ENUM_CONVERSION = YES;
				CLANG_WARN_INFINITE_RECURSION = YES;
				CLANG_WARN_INT_CONVERSION = YES;
				CLANG_WARN_NON_LITERAL_NULL_CONVERSION = YES;
				CLANG_WARN_OBJC_IMPLICIT_RETAIN_SELF = YES;
				CLANG_WARN_OBJC_LITERAL_CONVERSION = YES;
				CLANG_WARN_OBJC_ROOT_CLASS = YES_ERROR;
				CLANG_WARN_RANGE_LOOP_ANALYSIS = YES;
				CLANG_WARN_STRICT_PROTOTYPES = YES;
				CLANG_WARN_SUSPICIOUS_MOVE = YES;
				CLANG_WARN_UNGUARDED_AVAILABILITY = YES_AGGRESSIVE;
				CLANG_WARN_UNREACHABLE_CODE = YES;
				CLANG_WARN__DUPLICATE_METHOD_MATCH = YES;
				CODE_SIGN_IDENTITY = "iPhone Developer";
				COPY_PHASE_STRIP = NO;
				DEBUG_INFORMATION_FORMAT = dwarf;
				ENABLE_STRICT_OBJC_MSGSEND = YES;
				ENABLE_TESTABILITY = YES;
				GCC_C_LANGUAGE_STANDARD = gnu11;
				GCC_DYNAMIC_NO_PIC = NO;
				GCC_NO_COMMON_BLOCKS = YES;
				GCC_OPTIMIZATION_LEVEL = 0;
				GCC_PREPROCESSOR_DEFINITIONS = (
					"DEBUG=1",
					"$(inherited)",
				);
				GCC_WARN_64_TO_32_BIT_CONVERSION = YES;
				GCC_WARN_ABOUT_RETURN_TYPE = YES_ERROR;
				GCC_WARN_UNDECLARED_SELECTOR = YES;
				GCC_WARN_UNINITIALIZED_AUTOS = YES_AGGRESSIVE;
				GCC_WARN_UNUSED_FUNCTION = YES;
				GCC_WARN_UNUSED_VARIABLE = YES;
				IPHONEOS_DEPLOYMENT_TARGET = 12.2;
				MTL_ENABLE_DEBUG_INFO = INCLUDE_SOURCE;
				MTL_FAST_MATH = YES;
				ONLY_ACTIVE_ARCH = YES;
				SDKROOT = iphoneos;
				SWIFT_ACTIVE_COMPILATION_CONDITIONS = DEBUG;
				SWIFT_OPTIMIZATION_LEVEL = "-Onone";
			};
			name = Debug;
		};
		A4F65BA222F772BE002E0128 /* Release */ = {
			isa = XCBuildConfiguration;
			buildSettings = {
				ALWAYS_SEARCH_USER_PATHS = NO;
				CLANG_ANALYZER_NONNULL = YES;
				CLANG_ANALYZER_NUMBER_OBJECT_CONVERSION = YES_AGGRESSIVE;
				CLANG_CXX_LANGUAGE_STANDARD = "gnu++14";
				CLANG_CXX_LIBRARY = "libc++";
				CLANG_ENABLE_MODULES = YES;
				CLANG_ENABLE_OBJC_ARC = YES;
				CLANG_ENABLE_OBJC_WEAK = YES;
				CLANG_WARN_BLOCK_CAPTURE_AUTORELEASING = YES;
				CLANG_WARN_BOOL_CONVERSION = YES;
				CLANG_WARN_COMMA = YES;
				CLANG_WARN_CONSTANT_CONVERSION = YES;
				CLANG_WARN_DEPRECATED_OBJC_IMPLEMENTATIONS = YES;
				CLANG_WARN_DIRECT_OBJC_ISA_USAGE = YES_ERROR;
				CLANG_WARN_DOCUMENTATION_COMMENTS = YES;
				CLANG_WARN_EMPTY_BODY = YES;
				CLANG_WARN_ENUM_CONVERSION = YES;
				CLANG_WARN_INFINITE_RECURSION = YES;
				CLANG_WARN_INT_CONVERSION = YES;
				CLANG_WARN_NON_LITERAL_NULL_CONVERSION = YES;
				CLANG_WARN_OBJC_IMPLICIT_RETAIN_SELF = YES;
				CLANG_WARN_OBJC_LITERAL_CONVERSION = YES;
				CLANG_WARN_OBJC_ROOT_CLASS = YES_ERROR;
				CLANG_WARN_RANGE_LOOP_ANALYSIS = YES;
				CLANG_WARN_STRICT_PROTOTYPES = YES;
				CLANG_WARN_SUSPICIOUS_MOVE = YES;
				CLANG_WARN_UNGUARDED_AVAILABILITY = YES_AGGRESSIVE;
				CLANG_WARN_UNREACHABLE_CODE = YES;
				CLANG_WARN__DUPLICATE_METHOD_MATCH = YES;
				CODE_SIGN_IDENTITY = "iPhone Developer";
				COPY_PHASE_STRIP = NO;
				DEBUG_INFORMATION_FORMAT = "dwarf-with-dsym";
				ENABLE_NS_ASSERTIONS = NO;
				ENABLE_STRICT_OBJC_MSGSEND = YES;
				GCC_C_LANGUAGE_STANDARD = gnu11;
				GCC_NO_COMMON_BLOCKS = YES;
				GCC_WARN_64_TO_32_BIT_CONVERSION = YES;
				GCC_WARN_ABOUT_RETURN_TYPE = YES_ERROR;
				GCC_WARN_UNDECLARED_SELECTOR = YES;
				GCC_WARN_UNINITIALIZED_AUTOS = YES_AGGRESSIVE;
				GCC_WARN_UNUSED_FUNCTION = YES;
				GCC_WARN_UNUSED_VARIABLE = YES;
				IPHONEOS_DEPLOYMENT_TARGET = 12.2;
				MTL_ENABLE_DEBUG_INFO = NO;
				MTL_FAST_MATH = YES;
				SDKROOT = iphoneos;
				SWIFT_COMPILATION_MODE = wholemodule;
				SWIFT_OPTIMIZATION_LEVEL = "-O";
				VALIDATE_PRODUCT = YES;
			};
			name = Release;
		};
		A4F65BA422F772BE002E0128 /* Debug */ = {
			isa = XCBuildConfiguration;
			buildSettings = {
				ASSETCATALOG_COMPILER_APPICON_NAME = AppIcon;
				CODE_SIGN_STYLE = Automatic;
				DEVELOPMENT_TEAM = SS549TFW9W;
				INFOPLIST_FILE = youtube/Info.plist;
				IPHONEOS_DEPLOYMENT_TARGET = 12.1;
				LD_RUNPATH_SEARCH_PATHS = (
					"$(inherited)",
					"@executable_path/Frameworks",
				);
				PRODUCT_BUNDLE_IDENTIFIER = com.sd.youtube;
				PRODUCT_NAME = "$(TARGET_NAME)";
				SWIFT_VERSION = 5.0;
				TARGETED_DEVICE_FAMILY = "1,2";
			};
			name = Debug;
		};
		A4F65BA522F772BE002E0128 /* Release */ = {
			isa = XCBuildConfiguration;
			buildSettings = {
				ASSETCATALOG_COMPILER_APPICON_NAME = AppIcon;
				CODE_SIGN_STYLE = Automatic;
				DEVELOPMENT_TEAM = SS549TFW9W;
				INFOPLIST_FILE = youtube/Info.plist;
				IPHONEOS_DEPLOYMENT_TARGET = 12.1;
				LD_RUNPATH_SEARCH_PATHS = (
					"$(inherited)",
					"@executable_path/Frameworks",
				);
				PRODUCT_BUNDLE_IDENTIFIER = com.sd.youtube;
				PRODUCT_NAME = "$(TARGET_NAME)";
				SWIFT_VERSION = 5.0;
				TARGETED_DEVICE_FAMILY = "1,2";
			};
			name = Release;
		};
		A4F65BA722F772BE002E0128 /* Debug */ = {
			isa = XCBuildConfiguration;
			buildSettings = {
				ALWAYS_EMBED_SWIFT_STANDARD_LIBRARIES = YES;
				BUNDLE_LOADER = "$(TEST_HOST)";
				CODE_SIGN_STYLE = Automatic;
				DEVELOPMENT_TEAM = SS549TFW9W;
				INFOPLIST_FILE = youtubeTests/Info.plist;
				LD_RUNPATH_SEARCH_PATHS = (
					"$(inherited)",
					"@executable_path/Frameworks",
					"@loader_path/Frameworks",
				);
				PRODUCT_BUNDLE_IDENTIFIER = com.sd.youtubeTests;
				PRODUCT_NAME = "$(TARGET_NAME)";
				SWIFT_VERSION = 5.0;
				TARGETED_DEVICE_FAMILY = "1,2";
				TEST_HOST = "$(BUILT_PRODUCTS_DIR)/youtube.app/youtube";
			};
			name = Debug;
		};
		A4F65BA822F772BE002E0128 /* Release */ = {
			isa = XCBuildConfiguration;
			buildSettings = {
				ALWAYS_EMBED_SWIFT_STANDARD_LIBRARIES = YES;
				BUNDLE_LOADER = "$(TEST_HOST)";
				CODE_SIGN_STYLE = Automatic;
				DEVELOPMENT_TEAM = SS549TFW9W;
				INFOPLIST_FILE = youtubeTests/Info.plist;
				LD_RUNPATH_SEARCH_PATHS = (
					"$(inherited)",
					"@executable_path/Frameworks",
					"@loader_path/Frameworks",
				);
				PRODUCT_BUNDLE_IDENTIFIER = com.sd.youtubeTests;
				PRODUCT_NAME = "$(TARGET_NAME)";
				SWIFT_VERSION = 5.0;
				TARGETED_DEVICE_FAMILY = "1,2";
				TEST_HOST = "$(BUILT_PRODUCTS_DIR)/youtube.app/youtube";
			};
			name = Release;
		};
		A4F65BAA22F772BE002E0128 /* Debug */ = {
			isa = XCBuildConfiguration;
			buildSettings = {
				ALWAYS_EMBED_SWIFT_STANDARD_LIBRARIES = YES;
				CODE_SIGN_STYLE = Automatic;
				DEVELOPMENT_TEAM = SS549TFW9W;
				INFOPLIST_FILE = youtubeUITests/Info.plist;
				LD_RUNPATH_SEARCH_PATHS = (
					"$(inherited)",
					"@executable_path/Frameworks",
					"@loader_path/Frameworks",
				);
				PRODUCT_BUNDLE_IDENTIFIER = com.sd.youtubeUITests;
				PRODUCT_NAME = "$(TARGET_NAME)";
				SWIFT_VERSION = 5.0;
				TARGETED_DEVICE_FAMILY = "1,2";
				TEST_TARGET_NAME = youtube;
			};
			name = Debug;
		};
		A4F65BAB22F772BE002E0128 /* Release */ = {
			isa = XCBuildConfiguration;
			buildSettings = {
				ALWAYS_EMBED_SWIFT_STANDARD_LIBRARIES = YES;
				CODE_SIGN_STYLE = Automatic;
				DEVELOPMENT_TEAM = SS549TFW9W;
				INFOPLIST_FILE = youtubeUITests/Info.plist;
				LD_RUNPATH_SEARCH_PATHS = (
					"$(inherited)",
					"@executable_path/Frameworks",
					"@loader_path/Frameworks",
				);
				PRODUCT_BUNDLE_IDENTIFIER = com.sd.youtubeUITests;
				PRODUCT_NAME = "$(TARGET_NAME)";
				SWIFT_VERSION = 5.0;
				TARGETED_DEVICE_FAMILY = "1,2";
				TEST_TARGET_NAME = youtube;
			};
			name = Release;
		};
/* End XCBuildConfiguration section */

/* Begin XCConfigurationList section */
		A4F65B7622F772BD002E0128 /* Build configuration list for PBXProject "youtube" */ = {
			isa = XCConfigurationList;
			buildConfigurations = (
				A4F65BA122F772BE002E0128 /* Debug */,
				A4F65BA222F772BE002E0128 /* Release */,
			);
			defaultConfigurationIsVisible = 0;
			defaultConfigurationName = Release;
		};
		A4F65BA322F772BE002E0128 /* Build configuration list for PBXNativeTarget "youtube" */ = {
			isa = XCConfigurationList;
			buildConfigurations = (
				A4F65BA422F772BE002E0128 /* Debug */,
				A4F65BA522F772BE002E0128 /* Release */,
			);
			defaultConfigurationIsVisible = 0;
			defaultConfigurationName = Release;
		};
		A4F65BA622F772BE002E0128 /* Build configuration list for PBXNativeTarget "youtubeTests" */ = {
			isa = XCConfigurationList;
			buildConfigurations = (
				A4F65BA722F772BE002E0128 /* Debug */,
				A4F65BA822F772BE002E0128 /* Release */,
			);
			defaultConfigurationIsVisible = 0;
			defaultConfigurationName = Release;
		};
		A4F65BA922F772BE002E0128 /* Build configuration list for PBXNativeTarget "youtubeUITests" */ = {
			isa = XCConfigurationList;
			buildConfigurations = (
				A4F65BAA22F772BE002E0128 /* Debug */,
				A4F65BAB22F772BE002E0128 /* Release */,
			);
			defaultConfigurationIsVisible = 0;
			defaultConfigurationName = Release;
		};
/* End XCConfigurationList section */
	};
	rootObject = A4F65B7322F772BD002E0128 /* Project object */;
}
